
Microsoft Visual Studio Solution File, Format Version 12.00
# Visual Studio 2013
VisualStudioVersion = 12.0.21005.1
MinimumVisualStudioVersion = 10.0.40219.1
Project("{FAE04EC0-301F-11D3-BF4B-00C04F79EFBC}") = "ExtensionMethods", "ExtensionMethods\ExtensionMethods.csproj", "{A294226A-43E5-45C0-8B25-2CBEBB34E01F}"
EndProject
Project("{FAE04EC0-301F-11D3-BF4B-00C04F79EFBC}") = "Legacy.Tests", "Legacy.Tests\Legacy.Tests.csproj", "{F93F59B1-7936-4CD3-A326-F945CD4E90FE}"
EndProject
Global
	GlobalSection(SolutionConfigurationPlatforms) = preSolution
		Debug|Any CPU = Debug|Any CPU
		Release|Any CPU = Release|Any CPU
	EndGlobalSection
	GlobalSection(ProjectConfigurationPlatforms) = postSolution
		{A294226A-43E5-45C0-8B25-2CBEBB34E01F}.Debug|Any CPU.ActiveCfg = Debug|Any CPU
		{A294226A-43E5-45C0-8B25-2CBEBB34E01F}.Debug|Any CPU.Build.0 = Debug|Any CPU
		{A294226A-43E5-45C0-8B25-2CBEBB34E01F}.Release|Any CPU.ActiveCfg = Release|Any CPU
		{A294226A-43E5-45C0-8B25-2CBEBB34E01F}.Release|Any CPU.Build.0 = Release|Any CPU
		{F93F59B1-7936-4CD3-A326-F945CD4E90FE}.Debug|Any CPU.ActiveCfg = Debug|Any CPU
		{F93F59B1-7936-4CD3-A326-F945CD4E90FE}.Debug|Any CPU.Build.0 = Debug|Any CPU
		{F93F59B1-7936-4CD3-A326-F945CD4E90FE}.Release|Any CPU.ActiveCfg = Release|Any CPU
		{F93F59B1-7936-4CD3-A326-F945CD4E90FE}.Release|Any CPU.Build.0 = Release|Any CPU
	EndGlobalSection
	GlobalSection(SolutionProperties) = preSolution
		HideSolutionNode = FALSE
	EndGlobalSection
EndGlobal
